
Microsoft Visual Studio Solution File, Format Version 12.00
# Visual Studio Version 17
VisualStudioVersion = 17.7.34031.279
MinimumVisualStudioVersion = 10.0.40219.1
Project("{FAE04EC0-301F-11D3-BF4B-00C04F79EFBC}") = "pokusaj", "pokusaj\pokusaj.csproj", "{E0B433F3-080C-4A36-8B32-BF0E58EA141A}"
EndProject
Global
	GlobalSection(SolutionConfigurationPlatforms) = preSolution
		Debug|Any CPU = Debug|Any CPU
		Release|Any CPU = Release|Any CPU
	EndGlobalSection
	GlobalSection(ProjectConfigurationPlatforms) = postSolution
		{E0B433F3-080C-4A36-8B32-BF0E58EA141A}.Debug|Any CPU.ActiveCfg = Debug|Any CPU
		{E0B433F3-080C-4A36-8B32-BF0E58EA141A}.Debug|Any CPU.Build.0 = Debug|Any CPU
		{E0B433F3-080C-4A36-8B32-BF0E58EA141A}.Release|Any CPU.ActiveCfg = Release|Any CPU
		{E0B433F3-080C-4A36-8B32-BF0E58EA141A}.Release|Any CPU.Build.0 = Release|Any CPU
	EndGlobalSection
	GlobalSection(SolutionProperties) = preSolution
		HideSolutionNode = FALSE
	EndGlobalSection
	GlobalSection(ExtensibilityGlobals) = postSolution
		SolutionGuid = {C7144E60-4AC5-41D2-8968-65AACD4CD0D0}
	EndGlobalSection
EndGlobal
